Microsoft Visual Studio Solution File, Format Version 12.00
# Visual Studio Version 17
VisualStudioVersion = 17.2.32602.215
MinimumVisualStudioVersion = 10.0.40219.1
Project("{9A19103F-16F7-4668-BE54-9A1E7A4F7556}") = "NewPlatform.Flexberry.UserSettingsService", "NewPlatform.Flexberry.UserSettingsService\NewPlatform.Flexberry.UserSettingsService.csproj", "{F95986A7-AA9B-4D92-AE5E-E89FA6F74A02}"
EndProject
Project("{2150E333-8FDC-42A3-9474-1A3956D46DE8}") = "Open Source", "Open Source", "{C2A2D869-F4CC-4E7B-A291-ECC0DF2D18A9}"
	ProjectSection(SolutionItems) = preProject
		.gitignore = .gitignore
		.travis.yml = .travis.yml
		CHANGELOG.md = CHANGELOG.md
		Flexberry.ruleset = Flexberry.ruleset
		LICENSE = LICENSE
		README.md = README.md
	EndProjectSection
EndProject
Global
	GlobalSection(SolutionConfigurationPlatforms) = preSolution
		Debug|Any CPU = Debug|Any CPU
		Debug|x86 = Debug|x86
		Release|Any CPU = Release|Any CPU
		Release|x86 = Release|x86
	EndGlobalSection
	GlobalSection(ProjectConfigurationPlatforms) = postSolution
		{F95986A7-AA9B-4D92-AE5E-E89FA6F74A02}.Debug|Any CPU.ActiveCfg = Debug|Any CPU
		{F95986A7-AA9B-4D92-AE5E-E89FA6F74A02}.Debug|Any CPU.Build.0 = Debug|Any CPU
		{F95986A7-AA9B-4D92-AE5E-E89FA6F74A02}.Debug|x86.ActiveCfg = Debug|Any CPU
		{F95986A7-AA9B-4D92-AE5E-E89FA6F74A02}.Debug|x86.Build.0 = Debug|Any CPU
		{F95986A7-AA9B-4D92-AE5E-E89FA6F74A02}.Release|Any CPU.ActiveCfg = Release|Any CPU
		{F95986A7-AA9B-4D92-AE5E-E89FA6F74A02}.Release|Any CPU.Build.0 = Release|Any CPU
		{F95986A7-AA9B-4D92-AE5E-E89FA6F74A02}.Release|x86.ActiveCfg = Release|Any CPU
		{F95986A7-AA9B-4D92-AE5E-E89FA6F74A02}.Release|x86.Build.0 = Release|Any CPU
	EndGlobalSection
	GlobalSection(SolutionProperties) = preSolution
		HideSolutionNode = FALSE
	EndGlobalSection
	GlobalSection(ExtensibilityGlobals) = postSolution
		SolutionGuid = {B780A54D-139D-4D67-BCE8-5E5375FAD697}
	EndGlobalSection
EndGlobal
