
Microsoft Visual Studio Solution File, Format Version 12.00
# Visual Studio Version 16
VisualStudioVersion = 16.0.29215.179
MinimumVisualStudioVersion = 10.0.40219.1
Project("{2150E333-8FDC-42A3-9474-1A3956D46DE8}") = "NuGet Package Properties", "NuGet Package Properties", "{75F93581-D0A2-4C97-8651-F2E207B88214}"
	ProjectSection(SolutionItems) = preProject
		NewPlatform.Flexberry.UserSettingsService.nuspec = NewPlatform.Flexberry.UserSettingsService.nuspec
	EndProjectSection
EndProject
Project("{FAE04EC0-301F-11D3-BF4B-00C04F79EFBC}") = "NewPlatform.Flexberry.UserSettingsService", "NewPlatform.Flexberry.UserSettingsService\NewPlatform.Flexberry.UserSettingsService.csproj", "{F95986A7-AA9B-4D92-AE5E-E89FA6F74A02}"
EndProject
Global
	GlobalSection(SolutionConfigurationPlatforms) = preSolution
		Debug|Any CPU = Debug|Any CPU
		Debug|x86 = Debug|x86
		Release|Any CPU = Release|Any CPU
		Release|x86 = Release|x86
	EndGlobalSection
	GlobalSection(ProjectConfigurationPlatforms) = postSolution
		{F95986A7-AA9B-4D92-AE5E-E89FA6F74A02}.Debug|Any CPU.ActiveCfg = Debug|Any CPU
		{F95986A7-AA9B-4D92-AE5E-E89FA6F74A02}.Debug|Any CPU.Build.0 = Debug|Any CPU
		{F95986A7-AA9B-4D92-AE5E-E89FA6F74A02}.Debug|x86.ActiveCfg = Debug|Any CPU
		{F95986A7-AA9B-4D92-AE5E-E89FA6F74A02}.Debug|x86.Build.0 = Debug|Any CPU
		{F95986A7-AA9B-4D92-AE5E-E89FA6F74A02}.Release|Any CPU.ActiveCfg = Release|Any CPU
		{F95986A7-AA9B-4D92-AE5E-E89FA6F74A02}.Release|Any CPU.Build.0 = Release|Any CPU
		{F95986A7-AA9B-4D92-AE5E-E89FA6F74A02}.Release|x86.ActiveCfg = Release|Any CPU
		{F95986A7-AA9B-4D92-AE5E-E89FA6F74A02}.Release|x86.Build.0 = Release|Any CPU
	EndGlobalSection
	GlobalSection(SolutionProperties) = preSolution
		HideSolutionNode = FALSE
	EndGlobalSection
	GlobalSection(ExtensibilityGlobals) = postSolution
		EnterpriseLibraryConfigurationToolBinariesPath = packages\Unity.2.1.505.2\lib\NET35
		SolutionGuid = {B780A54D-139D-4D67-BCE8-5E5375FAD697}
	EndGlobalSection
EndGlobal
